
Microsoft Visual Studio Solution File, Format Version 12.00
# Visual Studio Version 17
VisualStudioVersion = 17.5.33424.131
MinimumVisualStudioVersion = 10.0.40219.1
Project("{FAE04EC0-301F-11D3-BF4B-00C04F79EFBC}") = "Primo.CustomLib.KPI", "Primo.CustomLib.KPI.csproj", "{BC245EB5-CB97-45E1-8FD1-45C7F4801658}"
EndProject
Global
	GlobalSection(SolutionConfigurationPlatforms) = preSolution
		Debug|Any CPU = Debug|Any CPU
		Release|Any CPU = Release|Any CPU
	EndGlobalSection
	GlobalSection(ProjectConfigurationPlatforms) = postSolution
		{BC245EB5-CB97-45E1-8FD1-45C7F4801658}.Debug|Any CPU.ActiveCfg = Debug|Any CPU
		{BC245EB5-CB97-45E1-8FD1-45C7F4801658}.Debug|Any CPU.Build.0 = Debug|Any CPU
		{BC245EB5-CB97-45E1-8FD1-45C7F4801658}.Release|Any CPU.ActiveCfg = Release|Any CPU
		{BC245EB5-CB97-45E1-8FD1-45C7F4801658}.Release|Any CPU.Build.0 = Release|Any CPU
	EndGlobalSection
	GlobalSection(SolutionProperties) = preSolution
		HideSolutionNode = FALSE
	EndGlobalSection
	GlobalSection(ExtensibilityGlobals) = postSolution
		SolutionGuid = {5BDA62B9-9E2F-4A8B-BC7C-6467D5351A03}
	EndGlobalSection
EndGlobal
